# This file is autogenerated, do not edit; changes may be undone by the next 'dep ensure'.


[[projects]]
  name = "github.com/coreos/bbolt"
  packages = ["."]
  revision = "583e8937c61f1af6513608ccc75c97b6abdf4ff9"
  version = "v1.3.0"

[[projects]]
  name = "github.com/coreos/etcd"
  packages = [
    "raft",
    "raft/raftpb"
  ]
  revision = "28f3f26c0e303392556035b694f75768d449d33d"
  version = "v3.3.1"

[[projects]]
  name = "github.com/cskr/pubsub"
  packages = ["."]
  revision = "bbadc4de95998f07a2e0d607cf90c4377832fe32"
  version = "v1.0.0"

[[projects]]
  name = "github.com/gogo/protobuf"
  packages = [
    "gogoproto",
    "proto",
    "protoc-gen-gogo/descriptor"
  ]
  revision = "1adfc126b41513cc696b209667c8656ea7aac67c"
  version = "v1.0.0"

[[projects]]
  name = "github.com/golang/protobuf"
  packages = ["proto"]
  revision = "925541529c1fa6821df4e44ce2723319eb2be768"
  version = "v1.0.0"

[[projects]]
  branch = "master"
  name = "golang.org/x/sys"
  packages = ["unix"]
  revision = "dd2ff4accc098aceecb86b36eaa7829b2a17b1c9"

[solve-meta]
  analyzer-name = "dep"
  analyzer-version = 1
  inputs-digest = "7330acc69220ae8e82f6905dc791566555aad4fb5fa219eae1158f642ef5e47d"
  solver-name = "gps-cdcl"
  solver-version = 1
